dependencies:
  espressif/esp-dsp:
    component_hash: 619639efc18cfa361a9e423739b9b0ffc14991effc6c027f955c2f2c3bf1754b
    dependencies:
    - name: idf
      require: private
      version: '>=4.2'
    source:
      registry_url: https://components.espressif.com/
      type: service
    version: 1.6.0
  espressif/esp_lcd_touch:
    component_hash: 779b4ba2464a3ae85681e4b860caa5fdc35801458c23f3039ee761bae7f442a4
    dependencies:
    - name: idf
      require: private
      version: '>=4.4.2'
    source:
      registry_url: https://components.espressif.com/
      type: service
    version: 1.1.2
  espressif/esp_lcd_touch_ft5x06:
    dependencies: []
    source:
      path: D:\Dev-Project\esp32c3\16-ai_chat\ai_chat\components\espressif__esp_lcd_touch_ft5x06
      type: local
    version: 1.0.6
  espressif/jsmn:
    component_hash: d80350c41bbaa827c98a25b6072df00884e72f54885996fab4a4f0aebce6b6c3
    dependencies:
    - name: idf
      require: private
      version: '>=4.3'
    source:
      registry_url: https://components.espressif.com/
      type: service
    version: 1.1.0
  espressif/nghttp:
    component_hash: 32e513409ddce0000990ec74b0711f535462726236d72578cd70498e6bd66dc3
    dependencies:
    - name: idf
      require: private
      version: '>=5.0'
    source:
      registry_url: https://components.espressif.com/
      type: service
    version: 1.65.0
  idf:
    source:
      type: idf
    version: 5.1.6
  lvgl/lvgl:
    component_hash: 948bff879a345149b83065535bbc4a026ce9f47498a22881e432a264b9098015
    dependencies: []
    source:
      registry_url: https://components.espressif.com/
      type: service
    version: 8.3.11
direct_dependencies:
- espressif/esp-dsp
- espressif/esp_lcd_touch
- espressif/esp_lcd_touch_ft5x06
- espressif/jsmn
- espressif/nghttp
- idf
- lvgl/lvgl
manifest_hash: b07a23116caab0c1806096331661c45196e19b252a74f4ffe2184407fb2001fb
target: esp32c3
version: 2.0.0
